
Microsoft Visual Studio Solution File, Format Version 12.00
# Visual Studio Version 17
VisualStudioVersion = 17.0.31903.59
MinimumVisualStudioVersion = 10.0.40219.1
Project("{FAE04EC0-301F-11D3-BF4B-00C04F79EFBC}") = "SimOnvoPay", "SimOnvoPay\SimOnvoPay.csproj", "{05BCCB86-C55B-432F-B3B4-04FF836F8514}"
EndProject
Project("{FAE04EC0-301F-11D3-BF4B-00C04F79EFBC}") = "SimOnvoPay.Demo", "SimOnvoPay.Demo\SimOnvoPay.Demo.csproj", "{D22BEF9B-D542-42BB-8DC1-329A441E3ADE}"
EndProject
Project("{FAE04EC0-301F-11D3-BF4B-00C04F79EFBC}") = "SimOnvoPay.Api", "SimOnvoPay.Api\SimOnvoPay.Api.csproj", "{EE06B275-C634-43A7-88C4-EA6939F860F4}"
EndProject
Global
	GlobalSection(SolutionConfigurationPlatforms) = preSolution
		Debug|Any CPU = Debug|Any CPU
		Debug|x64 = Debug|x64
		Debug|x86 = Debug|x86
		Release|Any CPU = Release|Any CPU
		Release|x64 = Release|x64
		Release|x86 = Release|x86
	EndGlobalSection
	GlobalSection(ProjectConfigurationPlatforms) = postSolution
		{05BCCB86-C55B-432F-B3B4-04FF836F8514}.Debug|Any CPU.ActiveCfg = Debug|Any CPU
		{05BCCB86-C55B-432F-B3B4-04FF836F8514}.Debug|Any CPU.Build.0 = Debug|Any CPU
		{05BCCB86-C55B-432F-B3B4-04FF836F8514}.Debug|x64.ActiveCfg = Debug|Any CPU
		{05BCCB86-C55B-432F-B3B4-04FF836F8514}.Debug|x64.Build.0 = Debug|Any CPU
		{05BCCB86-C55B-432F-B3B4-04FF836F8514}.Debug|x86.ActiveCfg = Debug|Any CPU
		{05BCCB86-C55B-432F-B3B4-04FF836F8514}.Debug|x86.Build.0 = Debug|Any CPU
		{05BCCB86-C55B-432F-B3B4-04FF836F8514}.Release|Any CPU.ActiveCfg = Release|Any CPU
		{05BCCB86-C55B-432F-B3B4-04FF836F8514}.Release|Any CPU.Build.0 = Release|Any CPU
		{05BCCB86-C55B-432F-B3B4-04FF836F8514}.Release|x64.ActiveCfg = Release|Any CPU
		{05BCCB86-C55B-432F-B3B4-04FF836F8514}.Release|x64.Build.0 = Release|Any CPU
		{05BCCB86-C55B-432F-B3B4-04FF836F8514}.Release|x86.ActiveCfg = Release|Any CPU
		{05BCCB86-C55B-432F-B3B4-04FF836F8514}.Release|x86.Build.0 = Release|Any CPU
		{D22BEF9B-D542-42BB-8DC1-329A441E3ADE}.Debug|Any CPU.ActiveCfg = Debug|Any CPU
		{D22BEF9B-D542-42BB-8DC1-329A441E3ADE}.Debug|Any CPU.Build.0 = Debug|Any CPU
		{D22BEF9B-D542-42BB-8DC1-329A441E3ADE}.Debug|x64.ActiveCfg = Debug|Any CPU
		{D22BEF9B-D542-42BB-8DC1-329A441E3ADE}.Debug|x64.Build.0 = Debug|Any CPU
		{D22BEF9B-D542-42BB-8DC1-329A441E3ADE}.Debug|x86.ActiveCfg = Debug|Any CPU
		{D22BEF9B-D542-42BB-8DC1-329A441E3ADE}.Debug|x86.Build.0 = Debug|Any CPU
		{D22BEF9B-D542-42BB-8DC1-329A441E3ADE}.Release|Any CPU.ActiveCfg = Release|Any CPU
		{D22BEF9B-D542-42BB-8DC1-329A441E3ADE}.Release|Any CPU.Build.0 = Release|Any CPU
		{D22BEF9B-D542-42BB-8DC1-329A441E3ADE}.Release|x64.ActiveCfg = Release|Any CPU
		{D22BEF9B-D542-42BB-8DC1-329A441E3ADE}.Release|x64.Build.0 = Release|Any CPU
		{D22BEF9B-D542-42BB-8DC1-329A441E3ADE}.Release|x86.ActiveCfg = Release|Any CPU
		{D22BEF9B-D542-42BB-8DC1-329A441E3ADE}.Release|x86.Build.0 = Release|Any CPU
		{EE06B275-C634-43A7-88C4-EA6939F860F4}.Debug|Any CPU.ActiveCfg = Debug|Any CPU
		{EE06B275-C634-43A7-88C4-EA6939F860F4}.Debug|Any CPU.Build.0 = Debug|Any CPU
		{EE06B275-C634-43A7-88C4-EA6939F860F4}.Debug|x64.ActiveCfg = Debug|Any CPU
		{EE06B275-C634-43A7-88C4-EA6939F860F4}.Debug|x64.Build.0 = Debug|Any CPU
		{EE06B275-C634-43A7-88C4-EA6939F860F4}.Debug|x86.ActiveCfg = Debug|Any CPU
		{EE06B275-C634-43A7-88C4-EA6939F860F4}.Debug|x86.Build.0 = Debug|Any CPU
		{EE06B275-C634-43A7-88C4-EA6939F860F4}.Release|Any CPU.ActiveCfg = Release|Any CPU
		{EE06B275-C634-43A7-88C4-EA6939F860F4}.Release|Any CPU.Build.0 = Release|Any CPU
		{EE06B275-C634-43A7-88C4-EA6939F860F4}.Release|x64.ActiveCfg = Release|Any CPU
		{EE06B275-C634-43A7-88C4-EA6939F860F4}.Release|x64.Build.0 = Release|Any CPU
		{EE06B275-C634-43A7-88C4-EA6939F860F4}.Release|x86.ActiveCfg = Release|Any CPU
		{EE06B275-C634-43A7-88C4-EA6939F860F4}.Release|x86.Build.0 = Release|Any CPU
	EndGlobalSection
	GlobalSection(SolutionProperties) = preSolution
		HideSolutionNode = FALSE
	EndGlobalSection
EndGlobal
